{
  "name": "wechat-app-mall",
  "version": "8.4.0",
  "lockfileVersion": 3,
  "requires": true,
  "packages": {
    "": {
      "name": "wechat-app-mall",
      "version": "8.4.0",
      "license": "ISC",
      "dependencies": {
        "@vant/weapp": "^1.11.6",
        "dayjs": "^1.11.6",
        "mp-html": "^2.3.1",
        "wxa-plugin-canvas": "^1.1.12",
        "wxbarcode": "^1.0.2"
      }
    },
    "node_modules/@vant/weapp": {
      "version": "1.11.7",
      "resolved": "https://registry.npmjs.org/@vant/weapp/-/weapp-1.11.7.tgz",
      "integrity": "sha512-Rwn9BBnb4kHSV4XmvBicwtd42J+amEUfnFDcXJsGNPNX4a9c/DoT6YLsm4X1wB2+sQbdiQsbFBLAvGRBxCkD8g==",
      "license": "MIT"
    },
    "node_modules/dayjs": {
      "version": "1.11.19",
      "resolved": "https://registry.npmjs.org/dayjs/-/dayjs-1.11.19.tgz",
      "integrity": "sha512-t5EcLVS6QPBNqM2z8fakk/NKel+Xzshgt8FFKAn+qwlD1pzZWxh0nVCrvFK7ZDb6XucZeF9z8C7CBWTRIVApAw==",
      "license": "MIT"
    },
    "node_modules/mp-html": {
      "version": "2.5.1",
      "resolved": "https://registry.npmjs.org/mp-html/-/mp-html-2.5.1.tgz",
      "integrity": "sha512-7BEH8dnQ89kOIyjdoYni8zcc0QAg+lgEWg0n9or9q2D4l26JNG+KPzHfttDyisC/5S7aPBblpXrFTYQv475w/Q==",
      "license": "MIT"
    },
    "node_modules/wxa-plugin-canvas": {
      "version": "1.1.12",
      "resolved": "https://registry.npmjs.org/wxa-plugin-canvas/-/wxa-plugin-canvas-1.1.12.tgz",
      "integrity": "sha512-iMmGFjXYminWm/yni0n/MprSUReAQpIL9LWLsJfr0Na/pt4Chzs2VbLsEtflZx11qtrDcfM7+1eCgj1ju6TN4w==",
      "license": "ISC"
    },
    "node_modules/wxbarcode": {
      "version": "1.0.2",
      "resolved": "https://registry.npmjs.org/wxbarcode/-/wxbarcode-1.0.2.tgz",
      "integrity": "sha512-QFNva4OKNn6M3fYXLg+W+JI2FqdNeK69sSgLmxc36OPcrsDiR04If8SqGC4a6xMFHby0iiOFjIF8vsrtbXkRGA==",
      "license": "MIT"
    }
  }
}
